
Microsoft Visual Studio Solution File, Format Version 12.00
# Visual Studio Version 17
VisualStudioVersion = 17.8.34316.72
MinimumVisualStudioVersion = 10.0.40219.1
Project("{9A19103F-16F7-4668-BE54-9A1E7A4F7556}") = "NovaBasic", "NovaBasic.csproj", "{66643C6E-7670-4008-A8DD-4FE70F155808}"
EndProject
Project("{FAE04EC0-301F-11D3-BF4B-00C04F79EFBC}") = "NovaBasicLanguage", "..\NovaBasicLanguage\NovaBasicLanguage.csproj", "{5BA9AE7E-B668-453F-8839-B544C4064778}"
EndProject
Global
	GlobalSection(SolutionConfigurationPlatforms) = preSolution
		Debug|Any CPU = Debug|Any CPU
		Release|Any CPU = Release|Any CPU
	EndGlobalSection
	GlobalSection(ProjectConfigurationPlatforms) = postSolution
		{66643C6E-7670-4008-A8DD-4FE70F155808}.Debug|Any CPU.ActiveCfg = Debug|Any CPU
		{66643C6E-7670-4008-A8DD-4FE70F155808}.Debug|Any CPU.Build.0 = Debug|Any CPU
		{66643C6E-7670-4008-A8DD-4FE70F155808}.Release|Any CPU.ActiveCfg = Release|Any CPU
		{66643C6E-7670-4008-A8DD-4FE70F155808}.Release|Any CPU.Build.0 = Release|Any CPU
		{5BA9AE7E-B668-453F-8839-B544C4064778}.Debug|Any CPU.ActiveCfg = Debug|Any CPU
		{5BA9AE7E-B668-453F-8839-B544C4064778}.Debug|Any CPU.Build.0 = Debug|Any CPU
		{5BA9AE7E-B668-453F-8839-B544C4064778}.Release|Any CPU.ActiveCfg = Release|Any CPU
		{5BA9AE7E-B668-453F-8839-B544C4064778}.Release|Any CPU.Build.0 = Release|Any CPU
	EndGlobalSection
	GlobalSection(SolutionProperties) = preSolution
		HideSolutionNode = FALSE
	EndGlobalSection
	GlobalSection(ExtensibilityGlobals) = postSolution
		SolutionGuid = {CB3421FF-F4CD-4103-A64F-57AFCB1310D7}
	EndGlobalSection
EndGlobal
